{
  "version": 4,
  "terraform_version": "1.11.2",
  "serial": 51,
  "lineage": "8257e7f1-8c81-dd74-6ff3-3bc934757d00",
  "outputs": {
    "ec2_instance_public_ip": {
      "value": "13.232.233.75",
      "type": "string"
    },
    "ec2_private_dns": {
      "value": "ip-172-31-0-246.ap-south-1.compute.internal",
      "type": "string"
    },
    "ec2_public_dns": {
      "value": "ec2-13-232-233-75.ap-south-1.compute.amazonaws.com",
      "type": "string"
    }
  },
  "resources": [
    {
      "mode": "managed",
      "type": "aws_default_vpc",
      "name": "default",
      "provider": "provider[\"registry.terraform.io/hashicorp/aws\"]",
      "instances": [
        {
          "schema_version": 1,
          "attributes": {
            "arn": "arn:aws:ec2:ap-south-1:442426869993:vpc/vpc-0c91eb25ef243adee",
            "assign_generated_ipv6_cidr_block": false,
            "cidr_block": "172.31.0.0/16",
            "default_network_acl_id": "acl-054f1a02f7f455e76",
            "default_route_table_id": "rtb-09dc338ec6206d4b9",
            "default_security_group_id": "sg-0f2b28480b61816b1",
            "dhcp_options_id": "dopt-0842ce70fc16b0d3a",
            "enable_dns_hostnames": true,
            "enable_dns_support": true,
            "enable_network_address_usage_metrics": false,
            "existing_default_vpc": true,
            "force_destroy": false,
            "id": "vpc-0c91eb25ef243adee",
            "instance_tenancy": "default",
            "ipv6_association_id": "",
            "ipv6_cidr_block": "",
            "ipv6_cidr_block_network_border_group": "",
            "ipv6_ipam_pool_id": "",
            "ipv6_netmask_length": 0,
            "main_route_table_id": "rtb-09dc338ec6206d4b9",
            "owner_id": "442426869993",
            "tags": null,
            "tags_all": {}
          },
          "sensitive_attributes": [],
          "private": "eyJzY2hlbWFfdmVyc2lvbiI6IjEifQ=="
        }
      ]
    },
    {
      "mode": "managed",
      "type": "aws_instance",
      "name": "my-server-01",
      "provider": "provider[\"registry.terraform.io/hashicorp/aws\"]",
      "instances": [
        {
          "schema_version": 1,
          "attributes": {
            "ami": "ami-0e35ddab05955cf57",
            "arn": "arn:aws:ec2:ap-south-1:442426869993:instance/i-00fed5f6fe5484798",
            "associate_public_ip_address": true,
            "availability_zone": "ap-south-1b",
            "capacity_reservation_specification": [
              {
                "capacity_reservation_preference": "open",
                "capacity_reservation_target": []
              }
            ],
            "cpu_core_count": 1,
            "cpu_options": [
              {
                "amd_sev_snp": "",
                "core_count": 1,
                "threads_per_core": 1
              }
            ],
            "cpu_threads_per_core": 1,
            "credit_specification": [
              {
                "cpu_credits": "standard"
              }
            ],
            "disable_api_stop": false,
            "disable_api_termination": false,
            "ebs_block_device": [],
            "ebs_optimized": false,
            "enable_primary_ipv6": null,
            "enclave_options": [
              {
                "enabled": false
              }
            ],
            "ephemeral_block_device": [],
            "get_password_data": false,
            "hibernation": false,
            "host_id": "",
            "host_resource_group_arn": null,
            "iam_instance_profile": "",
            "id": "i-00fed5f6fe5484798",
            "instance_initiated_shutdown_behavior": "stop",
            "instance_lifecycle": "",
            "instance_market_options": [],
            "instance_state": "running",
            "instance_type": "t2.micro",
            "ipv6_address_count": 0,
            "ipv6_addresses": [],
            "key_name": "terr-key",
            "launch_template": [],
            "maintenance_options": [
              {
                "auto_recovery": "default"
              }
            ],
            "metadata_options": [
              {
                "http_endpoint": "enabled",
                "http_protocol_ipv6": "disabled",
                "http_put_response_hop_limit": 2,
                "http_tokens": "required",
                "instance_metadata_tags": "disabled"
              }
            ],
            "monitoring": false,
            "network_interface": [],
            "outpost_arn": "",
            "password_data": "",
            "placement_group": "",
            "placement_partition_number": 0,
            "primary_network_interface_id": "eni-0ed5b2d001546642c",
            "private_dns": "ip-172-31-0-246.ap-south-1.compute.internal",
            "private_dns_name_options": [
              {
                "enable_resource_name_dns_a_record": false,
                "enable_resource_name_dns_aaaa_record": false,
                "hostname_type": "ip-name"
              }
            ],
            "private_ip": "172.31.0.246",
            "public_dns": "ec2-13-232-233-75.ap-south-1.compute.amazonaws.com",
            "public_ip": "13.232.233.75",
            "root_block_device": [
              {
                "delete_on_termination": true,
                "device_name": "/dev/sda1",
                "encrypted": false,
                "iops": 3000,
                "kms_key_id": "",
                "tags": null,
                "tags_all": {},
                "throughput": 125,
                "volume_id": "vol-0ad40e4437946bf03",
                "volume_size": 15,
                "volume_type": "gp3"
              }
            ],
            "secondary_private_ips": [],
            "security_groups": [
              "my-sg"
            ],
            "source_dest_check": true,
            "spot_instance_request_id": "",
            "subnet_id": "subnet-020a15dced7de920b",
            "tags": {
              "name": "my-serv-01"
            },
            "tags_all": {
              "name": "my-serv-01"
            },
            "tenancy": "default",
            "timeouts": null,
            "user_data": "2702f0cf8b5e77ca45e05355eb0a88dbfd82d0a7",
            "user_data_base64": null,
            "user_data_replace_on_change": false,
            "volume_tags": null,
            "vpc_security_group_ids": [
              "sg-09715da776c43d8d3"
            ]
          },
          "sensitive_attributes": [],
          "private": "eyJlMmJmYjczMC1lY2FhLTExZTYtOGY4OC0zNDM2M2JjN2M0YzAiOnsiY3JlYXRlIjo2MDAwMDAwMDAwMDAsImRlbGV0ZSI6MTIwMDAwMDAwMDAwMCwicmVhZCI6OTAwMDAwMDAwMDAwLCJ1cGRhdGUiOjYwMDAwMDAwMDAwMH0sInNjaGVtYV92ZXJzaW9uIjoiMSJ9",
          "dependencies": [
            "aws_default_vpc.default",
            "aws_key_pair.my_ssh_key",
            "aws_security_group.my_security_group"
          ]
        }
      ]
    },
    {
      "mode": "managed",
      "type": "aws_key_pair",
      "name": "my_ssh_key",
      "provider": "provider[\"registry.terraform.io/hashicorp/aws\"]",
      "instances": [
        {
          "schema_version": 1,
          "attributes": {
            "arn": "arn:aws:ec2:ap-south-1:442426869993:key-pair/terr-key",
            "fingerprint": "7e:82:38:37:a8:f7:fb:76:4c:58:36:eb:eb:4d:a9:f1",
            "id": "terr-key",
            "key_name": "terr-key",
            "key_name_prefix": "",
            "key_pair_id": "key-097081c12b29ff366",
            "key_type": "rsa",
            "public_key": "ssh-rsa AAAAB3NzaC1yc2EAAAADAQABAAACAQC2IXV21t00DxdpiYKfHeEhOh7N2on0959fR82UgPRgBEDotatuGHPGQYX9bdvhHYbU6r2BlA5EuSaF9pN8PgVCn1ZqozFwve5d/WyTihbCBqd9aVux9mMotegYZ9aPSW7b+a7HHF8/fO5uPVQaUHRLyKjtfDh2PwfwQ4evvYsv7FgO+920CJE01RRl6U0m5yagxEwq84GiJ0MalYNg5hYrGyeZuqdafO11Mg6KV7Ayrf8cd+aYLfUV2FxuLgoBUk8L1ZtPkHaN5RnYQTiv8HMbVTE/FQ6zumbHCfxt247izmo+D1gk/2TdjC3PVBrQrOAUEUGEgvAHnNsqgy9KgCeyVsFBo/NFk6Xo9Ceg3PKOiRyA5cR1wwT/7LS9XQHpRxbl2P0eW3BsFOaRVgVfcmpknzt5QAjZFaNM4NmvdY9ZZPHOE/5Xu9GZf4u82c+x35JFXbVGECq7wWvxqblrMMY+QxzXuLr/TkUMvQEsEHolqAheYnCMXK05Z48pBv3Uwau1Aes7Df6/7P264kHSyf9SSYTOES6JbhFzCFVcnVYXg2tBGiOybgFhwOMm5ofZPb7RewBOLsGFIJf7emFlCqx0OWd95b6kFfwGNz8rCTDg6Xiqd6+FYxumAlXA1liMrHcE440gUuFPUqPp+v787bGTDQrPih6MqM1EJGGgnnlIaw== shivang@172-0-11-213",
            "tags": null,
            "tags_all": {}
          },
          "sensitive_attributes": [],
          "private": "eyJzY2hlbWFfdmVyc2lvbiI6IjEifQ=="
        }
      ]
    },
    {
      "mode": "managed",
      "type": "aws_security_group",
      "name": "my_security_group",
      "provider": "provider[\"registry.terraform.io/hashicorp/aws\"]",
      "instances": [
        {
          "schema_version": 1,
          "attributes": {
            "arn": "arn:aws:ec2:ap-south-1:442426869993:security-group/sg-09715da776c43d8d3",
            "description": "this is tf generated sg",
            "egress": [
              {
                "cidr_blocks": [
                  "0.0.0.0/0"
                ],
                "description": "ALL ports and protocol open",
                "from_port": 0,
                "ipv6_cidr_blocks": [],
                "prefix_list_ids": [],
                "protocol": "-1",
                "security_groups": [],
                "self": false,
                "to_port": 0
              }
            ],
            "id": "sg-09715da776c43d8d3",
            "ingress": [
              {
                "cidr_blocks": [
                  "0.0.0.0/0"
                ],
                "description": "HTTP Open",
                "from_port": 80,
                "ipv6_cidr_blocks": [],
                "prefix_list_ids": [],
                "protocol": "tcp",
                "security_groups": [],
                "self": false,
                "to_port": 80
              },
              {
                "cidr_blocks": [
                  "0.0.0.0/0"
                ],
                "description": "SSH Open",
                "from_port": 22,
                "ipv6_cidr_blocks": [],
                "prefix_list_ids": [],
                "protocol": "tcp",
                "security_groups": [],
                "self": false,
                "to_port": 22
              }
            ],
            "name": "my-sg",
            "name_prefix": "",
            "owner_id": "442426869993",
            "revoke_rules_on_delete": false,
            "tags": null,
            "tags_all": {},
            "timeouts": null,
            "vpc_id": "vpc-0c91eb25ef243adee"
          },
          "sensitive_attributes": [],
          "private": "eyJlMmJmYjczMC1lY2FhLTExZTYtOGY4OC0zNDM2M2JjN2M0YzAiOnsiY3JlYXRlIjo2MDAwMDAwMDAwMDAsImRlbGV0ZSI6OTAwMDAwMDAwMDAwfSwic2NoZW1hX3ZlcnNpb24iOiIxIn0=",
          "dependencies": [
            "aws_default_vpc.default"
          ]
        }
      ]
    }
  ],
  "check_results": null
}
